
Microsoft Visual Studio Solution File, Format Version 12.00
# Visual Studio Version 16
VisualStudioVersion = 16.0.28803.352
MinimumVisualStudioVersion = 10.0.40219.1
Project("{FAE04EC0-301F-11D3-BF4B-00C04F79EFBC}") = "FitpalAPI", "FitpalAPI\FitpalAPI.csproj", "{FC53DEF2-D8A6-4B34-A197-068DB885727B}"
EndProject
Global
	GlobalSection(SolutionConfigurationPlatforms) = preSolution
		Debug|Any CPU = Debug|Any CPU
		Release|Any CPU = Release|Any CPU
	EndGlobalSection
	GlobalSection(ProjectConfigurationPlatforms) = postSolution
		{FC53DEF2-D8A6-4B34-A197-068DB885727B}.Debug|Any CPU.ActiveCfg = Debug|Any CPU
		{FC53DEF2-D8A6-4B34-A197-068DB885727B}.Debug|Any CPU.Build.0 = Debug|Any CPU
		{FC53DEF2-D8A6-4B34-A197-068DB885727B}.Release|Any CPU.ActiveCfg = Release|Any CPU
		{FC53DEF2-D8A6-4B34-A197-068DB885727B}.Release|Any CPU.Build.0 = Release|Any CPU
	EndGlobalSection
	GlobalSection(SolutionProperties) = preSolution
		HideSolutionNode = FALSE
	EndGlobalSection
	GlobalSection(ExtensibilityGlobals) = postSolution
		SolutionGuid = {3643A12A-3D30-493C-9426-553244089E93}
	EndGlobalSection
EndGlobal
